
Microsoft Visual Studio Solution File, Format Version 12.00
# Visual Studio Version 16
VisualStudioVersion = 16.0.30804.86
MinimumVisualStudioVersion = 10.0.40219.1
Project("{FAE04EC0-301F-11D3-BF4B-00C04F79EFBC}") = "EwsChat", "EwsChat.csproj", "{CF9297C8-3E2A-4F80-8811-9DB9B423E820}"
EndProject
Project("{9A19103F-16F7-4668-BE54-9A1E7A4F7556}") = "EwsChat.Core", "EwsChat.Core\EwsChat.Core.csproj", "{674246F6-78FA-4085-AD5B-D92B76D920ED}"
EndProject
Project("{9A19103F-16F7-4668-BE54-9A1E7A4F7556}") = "EwsChat.Data", "EwsChat.Data\EwsChat.Data.csproj", "{95EFA697-81AD-4C36-8184-575FF2AE6089}"
EndProject
Global
	GlobalSection(SolutionConfigurationPlatforms) = preSolution
		Debug|Any CPU = Debug|Any CPU
		Release|Any CPU = Release|Any CPU
	EndGlobalSection
	GlobalSection(ProjectConfigurationPlatforms) = postSolution
		{CF9297C8-3E2A-4F80-8811-9DB9B423E820}.Debug|Any CPU.ActiveCfg = Debug|Any CPU
		{CF9297C8-3E2A-4F80-8811-9DB9B423E820}.Debug|Any CPU.Build.0 = Debug|Any CPU
		{CF9297C8-3E2A-4F80-8811-9DB9B423E820}.Release|Any CPU.ActiveCfg = Release|Any CPU
		{CF9297C8-3E2A-4F80-8811-9DB9B423E820}.Release|Any CPU.Build.0 = Release|Any CPU
		{674246F6-78FA-4085-AD5B-D92B76D920ED}.Debug|Any CPU.ActiveCfg = Debug|Any CPU
		{674246F6-78FA-4085-AD5B-D92B76D920ED}.Debug|Any CPU.Build.0 = Debug|Any CPU
		{674246F6-78FA-4085-AD5B-D92B76D920ED}.Release|Any CPU.ActiveCfg = Release|Any CPU
		{674246F6-78FA-4085-AD5B-D92B76D920ED}.Release|Any CPU.Build.0 = Release|Any CPU
		{95EFA697-81AD-4C36-8184-575FF2AE6089}.Debug|Any CPU.ActiveCfg = Debug|Any CPU
		{95EFA697-81AD-4C36-8184-575FF2AE6089}.Debug|Any CPU.Build.0 = Debug|Any CPU
		{95EFA697-81AD-4C36-8184-575FF2AE6089}.Release|Any CPU.ActiveCfg = Release|Any CPU
		{95EFA697-81AD-4C36-8184-575FF2AE6089}.Release|Any CPU.Build.0 = Release|Any CPU
	EndGlobalSection
	GlobalSection(SolutionProperties) = preSolution
		HideSolutionNode = FALSE
	EndGlobalSection
	GlobalSection(ExtensibilityGlobals) = postSolution
		SolutionGuid = {16517BDF-78A2-4DB2-AC60-CB218D22F4CF}
	EndGlobalSection
EndGlobal
