
Microsoft Visual Studio Solution File, Format Version 12.00
# Visual Studio Version 16
VisualStudioVersion = 16.0.30907.101
MinimumVisualStudioVersion = 10.0.40219.1
Project("{9A19103F-16F7-4668-BE54-9A1E7A4F7556}") = "EwsChat.Data", "EwsChat.Data\EwsChat.Data.csproj", "{D1B4DDB4-C8A0-4FDE-8CEC-FED3B92C0F2A}"
EndProject
Project("{9A19103F-16F7-4668-BE54-9A1E7A4F7556}") = "EwsChat.Data.Tests", "EwsChat.Data.Tests\EwsChat.Data.Tests.csproj", "{A84301C3-425A-4301-9EF2-443E61532AAE}"
EndProject
Project("{9A19103F-16F7-4668-BE54-9A1E7A4F7556}") = "EwsChat.Core", "EwsChat.Core\EwsChat.Core.csproj", "{ABAAA4EF-0A65-4F40-8DB4-69619BDC549E}"
EndProject
Project("{2150E333-8FDC-42A3-9474-1A3956D46DE8}") = "EwsChat.UnitTests", "EwsChat.UnitTests", "{D5B90828-7ABF-4163-9E35-0D10E5CED46E}"
EndProject
Project("{2150E333-8FDC-42A3-9474-1A3956D46DE8}") = "EwsChat.Src", "EwsChat.Src", "{358B6B4B-654D-4F69-9213-D19457A304E4}"
EndProject
Project("{FAE04EC0-301F-11D3-BF4B-00C04F79EFBC}") = "EwsChat.Core.UnitTests", "EwsChat.Core.UnitTests\EwsChat.Core.UnitTests.csproj", "{CCEB19D2-379C-4F76-A64A-2A6D659AB014}"
EndProject
Global
	GlobalSection(SolutionConfigurationPlatforms) = preSolution
		Debug|Any CPU = Debug|Any CPU
		Release|Any CPU = Release|Any CPU
	EndGlobalSection
	GlobalSection(ProjectConfigurationPlatforms) = postSolution
		{D1B4DDB4-C8A0-4FDE-8CEC-FED3B92C0F2A}.Debug|Any CPU.ActiveCfg = Debug|Any CPU
		{D1B4DDB4-C8A0-4FDE-8CEC-FED3B92C0F2A}.Debug|Any CPU.Build.0 = Debug|Any CPU
		{D1B4DDB4-C8A0-4FDE-8CEC-FED3B92C0F2A}.Release|Any CPU.ActiveCfg = Release|Any CPU
		{D1B4DDB4-C8A0-4FDE-8CEC-FED3B92C0F2A}.Release|Any CPU.Build.0 = Release|Any CPU
		{A84301C3-425A-4301-9EF2-443E61532AAE}.Debug|Any CPU.ActiveCfg = Debug|Any CPU
		{A84301C3-425A-4301-9EF2-443E61532AAE}.Debug|Any CPU.Build.0 = Debug|Any CPU
		{A84301C3-425A-4301-9EF2-443E61532AAE}.Release|Any CPU.ActiveCfg = Release|Any CPU
		{A84301C3-425A-4301-9EF2-443E61532AAE}.Release|Any CPU.Build.0 = Release|Any CPU
		{ABAAA4EF-0A65-4F40-8DB4-69619BDC549E}.Debug|Any CPU.ActiveCfg = Debug|Any CPU
		{ABAAA4EF-0A65-4F40-8DB4-69619BDC549E}.Debug|Any CPU.Build.0 = Debug|Any CPU
		{ABAAA4EF-0A65-4F40-8DB4-69619BDC549E}.Release|Any CPU.ActiveCfg = Release|Any CPU
		{ABAAA4EF-0A65-4F40-8DB4-69619BDC549E}.Release|Any CPU.Build.0 = Release|Any CPU
		{CCEB19D2-379C-4F76-A64A-2A6D659AB014}.Debug|Any CPU.ActiveCfg = Debug|Any CPU
		{CCEB19D2-379C-4F76-A64A-2A6D659AB014}.Debug|Any CPU.Build.0 = Debug|Any CPU
		{CCEB19D2-379C-4F76-A64A-2A6D659AB014}.Release|Any CPU.ActiveCfg = Release|Any CPU
		{CCEB19D2-379C-4F76-A64A-2A6D659AB014}.Release|Any CPU.Build.0 = Release|Any CPU
	EndGlobalSection
	GlobalSection(SolutionProperties) = preSolution
		HideSolutionNode = FALSE
	EndGlobalSection
	GlobalSection(NestedProjects) = preSolution
		{D1B4DDB4-C8A0-4FDE-8CEC-FED3B92C0F2A} = {358B6B4B-654D-4F69-9213-D19457A304E4}
		{A84301C3-425A-4301-9EF2-443E61532AAE} = {D5B90828-7ABF-4163-9E35-0D10E5CED46E}
		{ABAAA4EF-0A65-4F40-8DB4-69619BDC549E} = {358B6B4B-654D-4F69-9213-D19457A304E4}
		{CCEB19D2-379C-4F76-A64A-2A6D659AB014} = {D5B90828-7ABF-4163-9E35-0D10E5CED46E}
	EndGlobalSection
	GlobalSection(ExtensibilityGlobals) = postSolution
		SolutionGuid = {417CC4D9-1BEB-4A67-B22F-290A87A004F3}
	EndGlobalSection
EndGlobal
